// !$*UTF8*$!
{
	archiveVersion = 1;
	classes = {
	};
	objectVersion = 46;
	objects = {

/* Begin PBXBuildFile section */
		585ED2F91BED97030091392D /* AppDelegate.swift in Sources */ = {isa = PBXBuildFile; fileRef = 585ED2F81BED97030091392D /* AppDelegate.swift */; };
		585ED2FB1BED97030091392D /* ViewController.swift in Sources */ = {isa = PBXBuildFile; fileRef = 585ED2FA1BED97030091392D /* ViewController.swift */; };
		585ED2FE1BED97030091392D /* Main.storyboard in Resources */ = {isa = PBXBuildFile; fileRef = 585ED2FC1BED97030091392D /* Main.storyboard */; };
		585ED3001BED97030091392D /* Assets.xcassets in Resources */ = {isa = PBXBuildFile; fileRef = 585ED2FF1BED97030091392D /* Assets.xcassets */; };
		585ED3031BED97030091392D /* LaunchScreen.storyboard in Resources */ = {isa = PBXBuildFile; fileRef = 585ED3011BED97030091392D /* LaunchScreen.storyboard */; };
		585ED3121BEE00F10091392D /* SettingsViewController.swift in Sources */ = {isa = PBXBuildFile; fileRef = 585ED3111BEE00F10091392D /* SettingsViewController.swift */; };
		585ED3141BEE0BCE0091392D /* SettingsTableViewController.swift in Sources */ = {isa = PBXBuildFile; fileRef = 585ED3131BEE0BCE0091392D /* SettingsTableViewController.swift */; };
/* End PBXBuildFile section */

/* Begin PBXFileReference section */
		585ED2F51BED97030091392D /* tips.app */ = {isa = PBXFileReference; explicitFileType = wrapper.application; includeInIndex = 0; path = tips.app; sourceTree = BUILT_PRODUCTS_DIR; };
		585ED2F81BED97030091392D /* AppDelegate.swift */ = {isa = PBXFileReference; lastKnownFileType = sourcecode.swift; path = AppDelegate.swift; sourceTree = "<group>"; };
		585ED2FA1BED97030091392D /* ViewController.swift */ = {isa = PBXFileReference; lastKnownFileType = sourcecode.swift; path = ViewController.swift; sourceTree = "<group>"; };
		585ED2FD1BED97030091392D /* Base */ = {isa = PBXFileReference; lastKnownFileType = file.storyboard; name = Base; path = Base.lproj/Main.storyboard; sourceTree = "<group>"; };
		585ED2FF1BED97030091392D /* Assets.xcassets */ = {isa = PBXFileReference; lastKnownFileType = folder.assetcatalog; path = Assets.xcassets; sourceTree = "<group>"; };
		585ED3021BED97030091392D /* Base */ = {isa = PBXFileReference; lastKnownFileType = file.storyboard; name = Base; path = Base.lproj/LaunchScreen.storyboard; sourceTree = "<group>"; };
		585ED3041BED97030091392D /* Info.plist */ = {isa = PBXFileReference; lastKnownFileType = text.plist.xml; path = Info.plist; sourceTree = "<group>"; };
		585ED3111BEE00F10091392D /* SettingsViewController.swift */ = {isa = PBXFileReference; fileEncoding = 4; lastKnownFileType = sourcecode.swift; path = SettingsViewController.swift; sourceTree = "<group>"; };
		585ED3131BEE0BCE0091392D /* SettingsTableViewController.swift */ = {isa = PBXFileReference; fileEncoding = 4; lastKnownFileType = sourcecode.swift; path = SettingsTableViewController.swift; sourceTree = "<group>"; };
/* End PBXFileReference section */

/* Begin PBXFrameworksBuildPhase section */
		585ED2F21BED97030091392D /* Frameworks */ = {
			isa = PBXFrameworksBuildPhase;
			buildActionMask = 2147483647;
			files = (
			);
			runOnlyForDeploymentPostprocessing = 0;
		};
/* End PBXFrameworksBuildPhase section */

/* Begin PBXGroup section */
		585ED2EC1BED97030091392D = {
			isa = PBXGroup;
			children = (
				585ED2F71BED97030091392D /* tips */,
				585ED2F61BED97030091392D /* Products */,
			);
			sourceTree = "<group>";
		};
		585ED2F61BED97030091392D /* Products */ = {
			isa = PBXGroup;
			children = (
				585ED2F51BED97030091392D /* tips.app */,
			);
			name = Products;
			sourceTree = "<group>";
		};
		585ED2F71BED97030091392D /* tips */ = {
			isa = PBXGroup;
			children = (
				585ED2F81BED97030091392D /* AppDelegate.swift */,
				585ED2FA1BED97030091392D /* ViewController.swift */,
				585ED2FC1BED97030091392D /* Main.storyboard */,
				585ED3131BEE0BCE0091392D /* SettingsTableViewController.swift */,
				585ED2FF1BED97030091392D /* Assets.xcassets */,
				585ED3011BED97030091392D /* LaunchScreen.storyboard */,
				585ED3041BED97030091392D /* Info.plist */,
				585ED3111BEE00F10091392D /* SettingsViewController.swift */,
			);
			path = tips;
			sourceTree = "<group>";
		};
/* End PBXGroup section */

/* Begin PBXNativeTarget section */
		585ED2F41BED97030091392D /* tips */ = {
			isa = PBXNativeTarget;
			buildConfigurationList = 585ED3071BED97040091392D /* Build configuration list for PBXNativeTarget "tips" */;
			buildPhases = (
				585ED2F11BED97030091392D /* Sources */,
				585ED2F21BED97030091392D /* Frameworks */,
				585ED2F31BED97030091392D /* Resources */,
			);
			buildRules = (
			);
			dependencies = (
			);
			name = tips;
			productName = tips;
			productReference = 585ED2F51BED97030091392D /* tips.app */;
			productType = "com.apple.product-type.application";
		};
/* End PBXNativeTarget section */

/* Begin PBXProject section */
		585ED2ED1BED97030091392D /* Project object */ = {
			isa = PBXProject;
			attributes = {
				LastSwiftUpdateCheck = 0710;
				LastUpgradeCheck = 0710;
				ORGANIZATIONNAME = "Lê Quang Bửu";
				TargetAttributes = {
					585ED2F41BED97030091392D = {
						CreatedOnToolsVersion = 7.1;
					};
				};
			};
			buildConfigurationList = 585ED2F01BED97030091392D /* Build configuration list for PBXProject "tips" */;
			compatibilityVersion = "Xcode 3.2";
			developmentRegion = English;
			hasScannedForEncodings = 0;
			knownRegions = (
				en,
				Base,
			);
			mainGroup = 585ED2EC1BED97030091392D;
			productRefGroup = 585ED2F61BED97030091392D /* Products */;
			projectDirPath = "";
			projectRoot = "";
			targets = (
				585ED2F41BED97030091392D /* tips */,
			);
		};
/* End PBXProject section */

/* Begin PBXResourcesBuildPhase section */
		585ED2F31BED97030091392D /* Resources */ = {
			isa = PBXResourcesBuildPhase;
			buildActionMask = 2147483647;
			files = (
				585ED3031BED97030091392D /* LaunchScreen.storyboard in Resources */,
				585ED3001BED97030091392D /* Assets.xcassets in Resources */,
				585ED2FE1BED97030091392D /* Main.storyboard in Resources */,
			);
			runOnlyForDeploymentPostprocessing = 0;
		};
/* End PBXResourcesBuildPhase section */

/* Begin PBXSourcesBuildPhase section */
		585ED2F11BED97030091392D /* Sources */ = {
			isa = PBXSourcesBuildPhase;
			buildActionMask = 2147483647;
			files = (
				585ED3141BEE0BCE0091392D /* SettingsTableViewController.swift in Sources */,
				585ED2FB1BED97030091392D /* ViewController.swift in Sources */,
				585ED2F91BED97030091392D /* AppDelegate.swift in Sources */,
				585ED3121BEE00F10091392D /* SettingsViewController.swift in Sources */,
			);
			runOnlyForDeploymentPostprocessing = 0;
		};
/* End PBXSourcesBuildPhase section */

/* Begin PBXVariantGroup section */
		585ED2FC1BED97030091392D /* Main.storyboard */ = {
			isa = PBXVariantGroup;
			children = (
				585ED2FD1BED97030091392D /* Base */,
			);
			name = Main.storyboard;
			sourceTree = "<group>";
		};
		585ED3011BED97030091392D /* LaunchScreen.storyboard */ = {
			isa = PBXVariantGroup;
			children = (
				585ED3021BED97030091392D /* Base */,
			);
			name = LaunchScreen.storyboard;
			sourceTree = "<group>";
		};
/* End PBXVariantGroup section */

/* Begin XCBuildConfiguration section */
		585ED3051BED97040091392D /* Debug */ = {
			isa = XCBuildConfiguration;
			buildSettings = {
				ALWAYS_SEARCH_USER_PATHS = NO;
				CLANG_CXX_LANGUAGE_STANDARD = "gnu++0x";
				CLANG_CXX_LIBRARY = "libc++";
				CLANG_ENABLE_MODULES = YES;
				CLANG_ENABLE_OBJC_ARC = YES;
				CLANG_WARN_BOOL_CONVERSION = YES;
				CLANG_WARN_CONSTANT_CONVERSION = YES;
				CLANG_WARN_DIRECT_OBJC_ISA_USAGE = YES_ERROR;
				CLANG_WARN_EMPTY_BODY = YES;
				CLANG_WARN_ENUM_CONVERSION = YES;
				CLANG_WARN_INT_CONVERSION = YES;
				CLANG_WARN_OBJC_ROOT_CLASS = YES_ERROR;
				CLANG_WARN_UNREACHABLE_CODE = YES;
				CLANG_WARN__DUPLICATE_METHOD_MATCH = YES;
				"CODE_SIGN_IDENTITY[sdk=iphoneos*]" = "iPhone Developer";
				COPY_PHASE_STRIP = NO;
				DEBUG_INFORMATION_FORMAT = dwarf;
				ENABLE_STRICT_OBJC_MSGSEND = YES;
				ENABLE_TESTABILITY = YES;
				GCC_C_LANGUAGE_STANDARD = gnu99;
				GCC_DYNAMIC_NO_PIC = NO;
				GCC_NO_COMMON_BLOCKS = YES;
				GCC_OPTIMIZATION_LEVEL = 0;
				GCC_PREPROCESSOR_DEFINITIONS = (
					"DEBUG=1",
					"$(inherited)",
				);
				GCC_WARN_64_TO_32_BIT_CONVERSION = YES;
				GCC_WARN_ABOUT_RETURN_TYPE = YES_ERROR;
				GCC_WARN_UNDECLARED_SELECTOR = YES;
				GCC_WARN_UNINITIALIZED_AUTOS = YES_AGGRESSIVE;
				GCC_WARN_UNUSED_FUNCTION = YES;
				GCC_WARN_UNUSED_VARIABLE = YES;
				IPHONEOS_DEPLOYMENT_TARGET = 9.1;
				MTL_ENABLE_DEBUG_INFO = YES;
				ONLY_ACTIVE_ARCH = YES;
				SDKROOT = iphoneos;
				SWIFT_OPTIMIZATION_LEVEL = "-Onone";
			};
			name = Debug;
		};
		585ED3061BED97040091392D /* Release */ = {
			isa = XCBuildConfiguration;
			buildSettings = {
				ALWAYS_SEARCH_USER_PATHS = NO;
				CLANG_CXX_LANGUAGE_STANDARD = "gnu++0x";
				CLANG_CXX_LIBRARY = "libc++";
				CLANG_ENABLE_MODULES = YES;
				CLANG_ENABLE_OBJC_ARC = YES;
				CLANG_WARN_BOOL_CONVERSION = YES;
				CLANG_WARN_CONSTANT_CONVERSION = YES;
				CLANG_WARN_DIRECT_OBJC_ISA_USAGE = YES_ERROR;
				CLANG_WARN_EMPTY_BODY = YES;
				CLANG_WARN_ENUM_CONVERSION = YES;
				CLANG_WARN_INT_CONVERSION = YES;
				CLANG_WARN_OBJC_ROOT_CLASS = YES_ERROR;
				CLANG_WARN_UNREACHABLE_CODE = YES;
				CLANG_WARN__DUPLICATE_METHOD_MATCH = YES;
				"CODE_SIGN_IDENTITY[sdk=iphoneos*]" = "iPhone Developer";
				COPY_PHASE_STRIP = NO;
				DEBUG_INFORMATION_FORMAT = "dwarf-with-dsym";
				ENABLE_NS_ASSERTIONS = NO;
				ENABLE_STRICT_OBJC_MSGSEND = YES;
				GCC_C_LANGUAGE_STANDARD = gnu99;
				GCC_NO_COMMON_BLOCKS = YES;
				GCC_WARN_64_TO_32_BIT_CONVERSION = YES;
				GCC_WARN_ABOUT_RETURN_TYPE = YES_ERROR;
				GCC_WARN_UNDECLARED_SELECTOR = YES;
				GCC_WARN_UNINITIALIZED_AUTOS = YES_AGGRESSIVE;
				GCC_WARN_UNUSED_FUNCTION = YES;
				GCC_WARN_UNUSED_VARIABLE = YES;
				IPHONEOS_DEPLOYMENT_TARGET = 9.1;
				MTL_ENABLE_DEBUG_INFO = NO;
				SDKROOT = iphoneos;
				VALIDATE_PRODUCT = YES;
			};
			name = Release;
		};
		585ED3081BED97040091392D /* Debug */ = {
			isa = XCBuildConfiguration;
			buildSettings = {
				ASSETCATALOG_COMPILER_APPICON_NAME = AppIcon;
				INFOPLIST_FILE = tips/Info.plist;
				IPHONEOS_DEPLOYMENT_TARGET = 7.0;
				LD_RUNPATH_SEARCH_PATHS = "$(inherited) @executable_path/Frameworks";
				PRODUCT_BUNDLE_IDENTIFIER = com.example.tips;
				PRODUCT_NAME = "$(TARGET_NAME)";
			};
			name = Debug;
		};
		585ED3091BED97040091392D /* Release */ = {
			isa = XCBuildConfiguration;
			buildSettings = {
				ASSETCATALOG_COMPILER_APPICON_NAME = AppIcon;
				INFOPLIST_FILE = tips/Info.plist;
				IPHONEOS_DEPLOYMENT_TARGET = 7.0;
				LD_RUNPATH_SEARCH_PATHS = "$(inherited) @executable_path/Frameworks";
				PRODUCT_BUNDLE_IDENTIFIER = com.example.tips;
				PRODUCT_NAME = "$(TARGET_NAME)";
			};
			name = Release;
		};
/* End XCBuildConfiguration section */

/* Begin XCConfigurationList section */
		585ED2F01BED97030091392D /* Build configuration list for PBXProject "tips" */ = {
			isa = XCConfigurationList;
			buildConfigurations = (
				585ED3051BED97040091392D /* Debug */,
				585ED3061BED97040091392D /* Release */,
			);
			defaultConfigurationIsVisible = 0;
			defaultConfigurationName = Release;
		};
		585ED3071BED97040091392D /* Build configuration list for PBXNativeTarget "tips" */ = {
			isa = XCConfigurationList;
			buildConfigurations = (
				585ED3081BED97040091392D /* Debug */,
				585ED3091BED97040091392D /* Release */,
			);
			defaultConfigurationIsVisible = 0;
			defaultConfigurationName = Release;
		};
/* End XCConfigurationList section */
	};
	rootObject = 585ED2ED1BED97030091392D /* Project object */;
}
